
Microsoft Visual Studio Solution File, Format Version 12.00
# Visual Studio 2013
VisualStudioVersion = 12.0.30110.0
MinimumVisualStudioVersion = 10.0.40219.1
Project("{2150E333-8FDC-42A3-9474-1A3956D46DE8}") = "Tests", "Tests", "{E2E8A1A5-5B18-4BE8-8ED8-4E4876768D7F}"
EndProject
Project("{2150E333-8FDC-42A3-9474-1A3956D46DE8}") = ".nuget", ".nuget", "{9FA52E0A-11BB-460A-A457-E48139F4329A}"
	ProjectSection(SolutionItems) = preProject
		.nuget\NuGet.Config = .nuget\NuGet.Config
		.nuget\NuGet.exe = .nuget\NuGet.exe
		.nuget\NuGet.targets = .nuget\NuGet.targets
	EndProjectSection
EndProject
Project("{FAE04EC0-301F-11D3-BF4B-00C04F79EFBC}") = "Alicargo", "Alicargo\Alicargo.csproj", "{8666B402-84B6-49D4-ABD7-B2966955C9CB}"
EndProject
Project("{FAE04EC0-301F-11D3-BF4B-00C04F79EFBC}") = "Alicargo.Tests", "Alicargo.Tests\Alicargo.Tests.csproj", "{9686492F-8074-4C40-9DDD-3F1B496CCA0C}"
EndProject
Project("{FAE04EC0-301F-11D3-BF4B-00C04F79EFBC}") = "Alicargo.Core", "Alicargo.Core\Alicargo.Core.csproj", "{577B60F9-32F7-4117-97DA-40743BFF4CA0}"
EndProject
Project("{FAE04EC0-301F-11D3-BF4B-00C04F79EFBC}") = "Alicargo.DataAccess", "Alicargo.DataAccess\Alicargo.DataAccess.csproj", "{37068536-3066-4877-91E0-05031D2C5CA3}"
EndProject
Project("{00D1A9C2-B5F0-4AF3-8072-F6C62B433612}") = "Alicargo.Database", "Alicargo.Database\Alicargo.Database.sqlproj", "{73992516-430C-4FF8-AB71-1685A96DA591}"
EndProject
Project("{FAE04EC0-301F-11D3-BF4B-00C04F79EFBC}") = "Alicargo.Core.Tests", "Alicargo.Core.Tests\Alicargo.Core.Tests.csproj", "{8FD4B54B-0621-4C22-A6DE-C357C9948E30}"
EndProject
Project("{FAE04EC0-301F-11D3-BF4B-00C04F79EFBC}") = "Alicargo.TestHelpers", "Alicargo.TestHelpers\Alicargo.TestHelpers.csproj", "{BB7C7B4A-D181-4812-89BC-29EB406E9656}"
EndProject
Project("{FAE04EC0-301F-11D3-BF4B-00C04F79EFBC}") = "Alicargo.BlackBox.Tests", "Alicargo.BlackBox.Tests\Alicargo.BlackBox.Tests.csproj", "{6338CF8C-E339-44CC-A185-14D7CF0301BF}"
EndProject
Project("{FAE04EC0-301F-11D3-BF4B-00C04F79EFBC}") = "Alicargo.DataAccess.BlackBox.Tests", "Alicargo.DataAccess.BlackBox.Tests\Alicargo.DataAccess.BlackBox.Tests.csproj", "{80AA7A64-E347-4A12-89F0-E81E4B581954}"
EndProject
Project("{FAE04EC0-301F-11D3-BF4B-00C04F79EFBC}") = "Alicargo.Jobs", "Alicargo.Jobs\Alicargo.Jobs.csproj", "{C2133743-7762-4BD9-A824-EB039E41AF58}"
EndProject
Project("{FAE04EC0-301F-11D3-BF4B-00C04F79EFBC}") = "Alicargo.Jobs.Tests", "Alicargo.Jobs.Tests\Alicargo.Jobs.Tests.csproj", "{5F2CFCFF-8CE7-47E8-B8CF-4A9D81C4179A}"
EndProject
Project("{00D1A9C2-B5F0-4AF3-8072-F6C62B433612}") = "Alicargo.Files.Database", "Alicargo.Files.Database\Alicargo.Files.Database.sqlproj", "{003CDA24-6CEE-4D28-917A-17D6E93B3109}"
EndProject
Project("{2150E333-8FDC-42A3-9474-1A3956D46DE8}") = "Databases", "Databases", "{50CCC32D-9AA0-4D38-A748-E090AD3CE095}"
EndProject
Project("{F088123C-0E9E-452A-89E6-6BA2F21D5CAC}") = "Alicargo.ModelingProject", "Alicargo.ModelingProject\Alicargo.ModelingProject.modelproj", "{82D6AE8B-43D6-4BDB-8BF3-173BA51BF83B}"
EndProject
Project("{2150E333-8FDC-42A3-9474-1A3956D46DE8}") = "Misc", "Misc", "{80428DE9-C391-4A41-AB26-2216CCC0F77A}"
EndProject
Project("{FAE04EC0-301F-11D3-BF4B-00C04F79EFBC}") = "Alicargo.Jobs.BlackBox.Tests", "Alicargo.Jobs.BlackBox.Tests\Alicargo.Jobs.BlackBox.Tests.csproj", "{E7172376-8458-443B-BA70-11279FDBD2DB}"
EndProject
Project("{FAE04EC0-301F-11D3-BF4B-00C04F79EFBC}") = "Alicargo.Utilities", "Alicargo.Utilities\Alicargo.Utilities.csproj", "{28A88A2C-7BA4-4F4E-9131-AD69B070CD31}"
EndProject
Project("{F088123C-0E9E-452A-89E6-6BA2F21D5CAC}") = "Alicargo.ConceptualModels", "Alicargo.ConceptualModels\Alicargo.ConceptualModels.modelproj", "{8708C0B4-BC8B-49DF-8969-24850A780FD5}"
EndProject
Project("{FAE04EC0-301F-11D3-BF4B-00C04F79EFBC}") = "Alicargo.Core.Contracts", "Alicargo.Core.Contracts\Alicargo.Core.Contracts.csproj", "{5D298560-5149-4DBB-9444-EE2EE9430483}"
EndProject
Project("{FAE04EC0-301F-11D3-BF4B-00C04F79EFBC}") = "Alicargo.DataAccess.Contracts", "Alicargo.DataAccess.Contracts\Alicargo.DataAccess.Contracts.csproj", "{E2F1A146-9076-4833-995E-084AC1B3EAC7}"
EndProject
Project("{FAE04EC0-301F-11D3-BF4B-00C04F79EFBC}") = "Alicargo.FilesMigration", "Alicargo.FilesMigration\Alicargo.FilesMigration.csproj", "{9586558C-8632-4ACA-A753-EDDB42A00253}"
EndProject
Project("{2150E333-8FDC-42A3-9474-1A3956D46DE8}") = "Deploy", "Deploy", "{FCD33282-F61E-468E-83EE-867B4699AE86}"
	ProjectSection(SolutionItems) = preProject
		Deploy\pre-deploy.ps1 = Deploy\pre-deploy.ps1
		Deploy\restore-previous-release.sql = Deploy\restore-previous-release.sql
		Deploy\run-updates-local.ps1 = Deploy\run-updates-local.ps1
		Deploy\run-updates.ps1 = Deploy\run-updates.ps1
		Deploy\SqlSchemaCompare.scmp = Deploy\SqlSchemaCompare.scmp
		Deploy\update-1.sql = Deploy\update-1.sql
		Deploy\update-2.sql = Deploy\update-2.sql
	EndProjectSection
EndProject
Project("{2150E333-8FDC-42A3-9474-1A3956D46DE8}") = "Scripts", "Scripts", "{B66F9FBC-5917-4450-B151-D3F4FD909245}"
	ProjectSection(SolutionItems) = preProject
		Deploy\Scripts\app_offline.htm = Deploy\Scripts\app_offline.htm
		Deploy\Scripts\backup-db.ps1 = Deploy\Scripts\backup-db.ps1
		Deploy\Scripts\check-list.txt = Deploy\Scripts\check-list.txt
		Deploy\Scripts\create-sp-for-backup-db.sql = Deploy\Scripts\create-sp-for-backup-db.sql
		Deploy\Scripts\create-sp-restore-db.sql = Deploy\Scripts\create-sp-restore-db.sql
		Deploy\Scripts\deploy-plan.txt = Deploy\Scripts\deploy-plan.txt
		Deploy\Scripts\init-db.ps1 = Deploy\Scripts\init-db.ps1
		Deploy\Scripts\prepare-iis.ps1 = Deploy\Scripts\prepare-iis.ps1
		Deploy\Scripts\prepare-release-db.ps1 = Deploy\Scripts\prepare-release-db.ps1
		Deploy\Scripts\server-release-dev.ps1 = Deploy\Scripts\server-release-dev.ps1
		Deploy\Scripts\server-release.ps1 = Deploy\Scripts\server-release.ps1
		Deploy\Scripts\setup-rights.sql = Deploy\Scripts\setup-rights.sql
	EndProjectSection
EndProject
Project("{FAE04EC0-301F-11D3-BF4B-00C04F79EFBC}") = "Alicargo.Utilities.Tests", "Alicargo.Utilities.Tests\Alicargo.Utilities.Tests.csproj", "{F2B472BE-9D50-484C-A73F-A0BDE0B5F57E}"
EndProject
Global
	GlobalSection(SolutionConfigurationPlatforms) = preSolution
		Debug|Any CPU = Debug|Any CPU
		Dev|Any CPU = Dev|Any CPU
		Release|Any CPU = Release|Any CPU
	EndGlobalSection
	GlobalSection(ProjectConfigurationPlatforms) = postSolution
		{8666B402-84B6-49D4-ABD7-B2966955C9CB}.Debug|Any CPU.ActiveCfg = Debug|Any CPU
		{8666B402-84B6-49D4-ABD7-B2966955C9CB}.Debug|Any CPU.Build.0 = Debug|Any CPU
		{8666B402-84B6-49D4-ABD7-B2966955C9CB}.Dev|Any CPU.ActiveCfg = Dev|Any CPU
		{8666B402-84B6-49D4-ABD7-B2966955C9CB}.Dev|Any CPU.Build.0 = Dev|Any CPU
		{8666B402-84B6-49D4-ABD7-B2966955C9CB}.Release|Any CPU.ActiveCfg = Release|Any CPU
		{8666B402-84B6-49D4-ABD7-B2966955C9CB}.Release|Any CPU.Build.0 = Release|Any CPU
		{9686492F-8074-4C40-9DDD-3F1B496CCA0C}.Debug|Any CPU.ActiveCfg = Debug|Any CPU
		{9686492F-8074-4C40-9DDD-3F1B496CCA0C}.Debug|Any CPU.Build.0 = Debug|Any CPU
		{9686492F-8074-4C40-9DDD-3F1B496CCA0C}.Dev|Any CPU.ActiveCfg = Dev|Any CPU
		{9686492F-8074-4C40-9DDD-3F1B496CCA0C}.Dev|Any CPU.Build.0 = Dev|Any CPU
		{9686492F-8074-4C40-9DDD-3F1B496CCA0C}.Release|Any CPU.ActiveCfg = Release|Any CPU
		{9686492F-8074-4C40-9DDD-3F1B496CCA0C}.Release|Any CPU.Build.0 = Release|Any CPU
		{577B60F9-32F7-4117-97DA-40743BFF4CA0}.Debug|Any CPU.ActiveCfg = Debug|Any CPU
		{577B60F9-32F7-4117-97DA-40743BFF4CA0}.Debug|Any CPU.Build.0 = Debug|Any CPU
		{577B60F9-32F7-4117-97DA-40743BFF4CA0}.Dev|Any CPU.ActiveCfg = Dev|Any CPU
		{577B60F9-32F7-4117-97DA-40743BFF4CA0}.Dev|Any CPU.Build.0 = Dev|Any CPU
		{577B60F9-32F7-4117-97DA-40743BFF4CA0}.Release|Any CPU.ActiveCfg = Release|Any CPU
		{577B60F9-32F7-4117-97DA-40743BFF4CA0}.Release|Any CPU.Build.0 = Release|Any CPU
		{37068536-3066-4877-91E0-05031D2C5CA3}.Debug|Any CPU.ActiveCfg = Debug|Any CPU
		{37068536-3066-4877-91E0-05031D2C5CA3}.Debug|Any CPU.Build.0 = Debug|Any CPU
		{37068536-3066-4877-91E0-05031D2C5CA3}.Dev|Any CPU.ActiveCfg = Dev|Any CPU
		{37068536-3066-4877-91E0-05031D2C5CA3}.Dev|Any CPU.Build.0 = Dev|Any CPU
		{37068536-3066-4877-91E0-05031D2C5CA3}.Release|Any CPU.ActiveCfg = Release|Any CPU
		{37068536-3066-4877-91E0-05031D2C5CA3}.Release|Any CPU.Build.0 = Release|Any CPU
		{73992516-430C-4FF8-AB71-1685A96DA591}.Debug|Any CPU.ActiveCfg = Debug|Any CPU
		{73992516-430C-4FF8-AB71-1685A96DA591}.Debug|Any CPU.Build.0 = Debug|Any CPU
		{73992516-430C-4FF8-AB71-1685A96DA591}.Dev|Any CPU.ActiveCfg = Dev|Any CPU
		{73992516-430C-4FF8-AB71-1685A96DA591}.Dev|Any CPU.Build.0 = Dev|Any CPU
		{73992516-430C-4FF8-AB71-1685A96DA591}.Release|Any CPU.ActiveCfg = Release|Any CPU
		{73992516-430C-4FF8-AB71-1685A96DA591}.Release|Any CPU.Build.0 = Release|Any CPU
		{8FD4B54B-0621-4C22-A6DE-C357C9948E30}.Debug|Any CPU.ActiveCfg = Debug|Any CPU
		{8FD4B54B-0621-4C22-A6DE-C357C9948E30}.Debug|Any CPU.Build.0 = Debug|Any CPU
		{8FD4B54B-0621-4C22-A6DE-C357C9948E30}.Dev|Any CPU.ActiveCfg = Dev|Any CPU
		{8FD4B54B-0621-4C22-A6DE-C357C9948E30}.Dev|Any CPU.Build.0 = Dev|Any CPU
		{8FD4B54B-0621-4C22-A6DE-C357C9948E30}.Release|Any CPU.ActiveCfg = Release|Any CPU
		{8FD4B54B-0621-4C22-A6DE-C357C9948E30}.Release|Any CPU.Build.0 = Release|Any CPU
		{BB7C7B4A-D181-4812-89BC-29EB406E9656}.Debug|Any CPU.ActiveCfg = Debug|Any CPU
		{BB7C7B4A-D181-4812-89BC-29EB406E9656}.Debug|Any CPU.Build.0 = Debug|Any CPU
		{BB7C7B4A-D181-4812-89BC-29EB406E9656}.Dev|Any CPU.ActiveCfg = Dev|Any CPU
		{BB7C7B4A-D181-4812-89BC-29EB406E9656}.Dev|Any CPU.Build.0 = Dev|Any CPU
		{BB7C7B4A-D181-4812-89BC-29EB406E9656}.Release|Any CPU.ActiveCfg = Release|Any CPU
		{BB7C7B4A-D181-4812-89BC-29EB406E9656}.Release|Any CPU.Build.0 = Release|Any CPU
		{6338CF8C-E339-44CC-A185-14D7CF0301BF}.Debug|Any CPU.ActiveCfg = Debug|Any CPU
		{6338CF8C-E339-44CC-A185-14D7CF0301BF}.Debug|Any CPU.Build.0 = Debug|Any CPU
		{6338CF8C-E339-44CC-A185-14D7CF0301BF}.Dev|Any CPU.ActiveCfg = Dev|Any CPU
		{6338CF8C-E339-44CC-A185-14D7CF0301BF}.Dev|Any CPU.Build.0 = Dev|Any CPU
		{6338CF8C-E339-44CC-A185-14D7CF0301BF}.Release|Any CPU.ActiveCfg = Release|Any CPU
		{6338CF8C-E339-44CC-A185-14D7CF0301BF}.Release|Any CPU.Build.0 = Release|Any CPU
		{80AA7A64-E347-4A12-89F0-E81E4B581954}.Debug|Any CPU.ActiveCfg = Debug|Any CPU
		{80AA7A64-E347-4A12-89F0-E81E4B581954}.Debug|Any CPU.Build.0 = Debug|Any CPU
		{80AA7A64-E347-4A12-89F0-E81E4B581954}.Dev|Any CPU.ActiveCfg = Dev|Any CPU
		{80AA7A64-E347-4A12-89F0-E81E4B581954}.Dev|Any CPU.Build.0 = Dev|Any CPU
		{80AA7A64-E347-4A12-89F0-E81E4B581954}.Release|Any CPU.ActiveCfg = Release|Any CPU
		{80AA7A64-E347-4A12-89F0-E81E4B581954}.Release|Any CPU.Build.0 = Release|Any CPU
		{C2133743-7762-4BD9-A824-EB039E41AF58}.Debug|Any CPU.ActiveCfg = Debug|Any CPU
		{C2133743-7762-4BD9-A824-EB039E41AF58}.Debug|Any CPU.Build.0 = Debug|Any CPU
		{C2133743-7762-4BD9-A824-EB039E41AF58}.Dev|Any CPU.ActiveCfg = Dev|Any CPU
		{C2133743-7762-4BD9-A824-EB039E41AF58}.Dev|Any CPU.Build.0 = Dev|Any CPU
		{C2133743-7762-4BD9-A824-EB039E41AF58}.Release|Any CPU.ActiveCfg = Release|Any CPU
		{C2133743-7762-4BD9-A824-EB039E41AF58}.Release|Any CPU.Build.0 = Release|Any CPU
		{5F2CFCFF-8CE7-47E8-B8CF-4A9D81C4179A}.Debug|Any CPU.ActiveCfg = Debug|Any CPU
		{5F2CFCFF-8CE7-47E8-B8CF-4A9D81C4179A}.Debug|Any CPU.Build.0 = Debug|Any CPU
		{5F2CFCFF-8CE7-47E8-B8CF-4A9D81C4179A}.Dev|Any CPU.ActiveCfg = Dev|Any CPU
		{5F2CFCFF-8CE7-47E8-B8CF-4A9D81C4179A}.Dev|Any CPU.Build.0 = Dev|Any CPU
		{5F2CFCFF-8CE7-47E8-B8CF-4A9D81C4179A}.Release|Any CPU.ActiveCfg = Release|Any CPU
		{5F2CFCFF-8CE7-47E8-B8CF-4A9D81C4179A}.Release|Any CPU.Build.0 = Release|Any CPU
		{003CDA24-6CEE-4D28-917A-17D6E93B3109}.Debug|Any CPU.ActiveCfg = Debug|Any CPU
		{003CDA24-6CEE-4D28-917A-17D6E93B3109}.Debug|Any CPU.Build.0 = Debug|Any CPU
		{003CDA24-6CEE-4D28-917A-17D6E93B3109}.Dev|Any CPU.ActiveCfg = Dev|Any CPU
		{003CDA24-6CEE-4D28-917A-17D6E93B3109}.Dev|Any CPU.Build.0 = Dev|Any CPU
		{003CDA24-6CEE-4D28-917A-17D6E93B3109}.Release|Any CPU.ActiveCfg = Release|Any CPU
		{003CDA24-6CEE-4D28-917A-17D6E93B3109}.Release|Any CPU.Build.0 = Release|Any CPU
		{82D6AE8B-43D6-4BDB-8BF3-173BA51BF83B}.Debug|Any CPU.ActiveCfg = Debug|Any CPU
		{82D6AE8B-43D6-4BDB-8BF3-173BA51BF83B}.Debug|Any CPU.Build.0 = Debug|Any CPU
		{82D6AE8B-43D6-4BDB-8BF3-173BA51BF83B}.Dev|Any CPU.ActiveCfg = Dev|Any CPU
		{82D6AE8B-43D6-4BDB-8BF3-173BA51BF83B}.Dev|Any CPU.Build.0 = Dev|Any CPU
		{82D6AE8B-43D6-4BDB-8BF3-173BA51BF83B}.Release|Any CPU.ActiveCfg = Release|Any CPU
		{82D6AE8B-43D6-4BDB-8BF3-173BA51BF83B}.Release|Any CPU.Build.0 = Release|Any CPU
		{E7172376-8458-443B-BA70-11279FDBD2DB}.Debug|Any CPU.ActiveCfg = Debug|Any CPU
		{E7172376-8458-443B-BA70-11279FDBD2DB}.Debug|Any CPU.Build.0 = Debug|Any CPU
		{E7172376-8458-443B-BA70-11279FDBD2DB}.Dev|Any CPU.ActiveCfg = Dev|Any CPU
		{E7172376-8458-443B-BA70-11279FDBD2DB}.Dev|Any CPU.Build.0 = Dev|Any CPU
		{E7172376-8458-443B-BA70-11279FDBD2DB}.Release|Any CPU.ActiveCfg = Debug|Any CPU
		{E7172376-8458-443B-BA70-11279FDBD2DB}.Release|Any CPU.Build.0 = Debug|Any CPU
		{28A88A2C-7BA4-4F4E-9131-AD69B070CD31}.Debug|Any CPU.ActiveCfg = Debug|Any CPU
		{28A88A2C-7BA4-4F4E-9131-AD69B070CD31}.Debug|Any CPU.Build.0 = Debug|Any CPU
		{28A88A2C-7BA4-4F4E-9131-AD69B070CD31}.Dev|Any CPU.ActiveCfg = Dev|Any CPU
		{28A88A2C-7BA4-4F4E-9131-AD69B070CD31}.Dev|Any CPU.Build.0 = Dev|Any CPU
		{28A88A2C-7BA4-4F4E-9131-AD69B070CD31}.Release|Any CPU.ActiveCfg = Release|Any CPU
		{28A88A2C-7BA4-4F4E-9131-AD69B070CD31}.Release|Any CPU.Build.0 = Release|Any CPU
		{8708C0B4-BC8B-49DF-8969-24850A780FD5}.Debug|Any CPU.ActiveCfg = Debug|Any CPU
		{8708C0B4-BC8B-49DF-8969-24850A780FD5}.Debug|Any CPU.Build.0 = Debug|Any CPU
		{8708C0B4-BC8B-49DF-8969-24850A780FD5}.Dev|Any CPU.ActiveCfg = Dev|Any CPU
		{8708C0B4-BC8B-49DF-8969-24850A780FD5}.Dev|Any CPU.Build.0 = Dev|Any CPU
		{8708C0B4-BC8B-49DF-8969-24850A780FD5}.Release|Any CPU.ActiveCfg = Release|Any CPU
		{8708C0B4-BC8B-49DF-8969-24850A780FD5}.Release|Any CPU.Build.0 = Release|Any CPU
		{5D298560-5149-4DBB-9444-EE2EE9430483}.Debug|Any CPU.ActiveCfg = Debug|Any CPU
		{5D298560-5149-4DBB-9444-EE2EE9430483}.Debug|Any CPU.Build.0 = Debug|Any CPU
		{5D298560-5149-4DBB-9444-EE2EE9430483}.Dev|Any CPU.ActiveCfg = Dev|Any CPU
		{5D298560-5149-4DBB-9444-EE2EE9430483}.Dev|Any CPU.Build.0 = Dev|Any CPU
		{5D298560-5149-4DBB-9444-EE2EE9430483}.Release|Any CPU.ActiveCfg = Release|Any CPU
		{5D298560-5149-4DBB-9444-EE2EE9430483}.Release|Any CPU.Build.0 = Release|Any CPU
		{E2F1A146-9076-4833-995E-084AC1B3EAC7}.Debug|Any CPU.ActiveCfg = Debug|Any CPU
		{E2F1A146-9076-4833-995E-084AC1B3EAC7}.Debug|Any CPU.Build.0 = Debug|Any CPU
		{E2F1A146-9076-4833-995E-084AC1B3EAC7}.Dev|Any CPU.ActiveCfg = Dev|Any CPU
		{E2F1A146-9076-4833-995E-084AC1B3EAC7}.Dev|Any CPU.Build.0 = Dev|Any CPU
		{E2F1A146-9076-4833-995E-084AC1B3EAC7}.Release|Any CPU.ActiveCfg = Release|Any CPU
		{E2F1A146-9076-4833-995E-084AC1B3EAC7}.Release|Any CPU.Build.0 = Release|Any CPU
		{9586558C-8632-4ACA-A753-EDDB42A00253}.Debug|Any CPU.ActiveCfg = Debug|Any CPU
		{9586558C-8632-4ACA-A753-EDDB42A00253}.Debug|Any CPU.Build.0 = Debug|Any CPU
		{9586558C-8632-4ACA-A753-EDDB42A00253}.Dev|Any CPU.ActiveCfg = Debug|Any CPU
		{9586558C-8632-4ACA-A753-EDDB42A00253}.Dev|Any CPU.Build.0 = Debug|Any CPU
		{9586558C-8632-4ACA-A753-EDDB42A00253}.Release|Any CPU.ActiveCfg = Release|Any CPU
		{9586558C-8632-4ACA-A753-EDDB42A00253}.Release|Any CPU.Build.0 = Release|Any CPU
		{F2B472BE-9D50-484C-A73F-A0BDE0B5F57E}.Debug|Any CPU.ActiveCfg = Debug|Any CPU
		{F2B472BE-9D50-484C-A73F-A0BDE0B5F57E}.Debug|Any CPU.Build.0 = Debug|Any CPU
		{F2B472BE-9D50-484C-A73F-A0BDE0B5F57E}.Dev|Any CPU.ActiveCfg = Debug|Any CPU
		{F2B472BE-9D50-484C-A73F-A0BDE0B5F57E}.Dev|Any CPU.Build.0 = Debug|Any CPU
		{F2B472BE-9D50-484C-A73F-A0BDE0B5F57E}.Release|Any CPU.ActiveCfg = Release|Any CPU
		{F2B472BE-9D50-484C-A73F-A0BDE0B5F57E}.Release|Any CPU.Build.0 = Release|Any CPU
	EndGlobalSection
	GlobalSection(SolutionProperties) = preSolution
		HideSolutionNode = FALSE
	EndGlobalSection
	GlobalSection(NestedProjects) = preSolution
		{9686492F-8074-4C40-9DDD-3F1B496CCA0C} = {E2E8A1A5-5B18-4BE8-8ED8-4E4876768D7F}
		{8FD4B54B-0621-4C22-A6DE-C357C9948E30} = {E2E8A1A5-5B18-4BE8-8ED8-4E4876768D7F}
		{BB7C7B4A-D181-4812-89BC-29EB406E9656} = {E2E8A1A5-5B18-4BE8-8ED8-4E4876768D7F}
		{6338CF8C-E339-44CC-A185-14D7CF0301BF} = {E2E8A1A5-5B18-4BE8-8ED8-4E4876768D7F}
		{80AA7A64-E347-4A12-89F0-E81E4B581954} = {E2E8A1A5-5B18-4BE8-8ED8-4E4876768D7F}
		{5F2CFCFF-8CE7-47E8-B8CF-4A9D81C4179A} = {E2E8A1A5-5B18-4BE8-8ED8-4E4876768D7F}
		{E7172376-8458-443B-BA70-11279FDBD2DB} = {E2E8A1A5-5B18-4BE8-8ED8-4E4876768D7F}
		{F2B472BE-9D50-484C-A73F-A0BDE0B5F57E} = {E2E8A1A5-5B18-4BE8-8ED8-4E4876768D7F}
		{82D6AE8B-43D6-4BDB-8BF3-173BA51BF83B} = {80428DE9-C391-4A41-AB26-2216CCC0F77A}
		{9FA52E0A-11BB-460A-A457-E48139F4329A} = {80428DE9-C391-4A41-AB26-2216CCC0F77A}
		{8708C0B4-BC8B-49DF-8969-24850A780FD5} = {80428DE9-C391-4A41-AB26-2216CCC0F77A}
		{9586558C-8632-4ACA-A753-EDDB42A00253} = {80428DE9-C391-4A41-AB26-2216CCC0F77A}
		{FCD33282-F61E-468E-83EE-867B4699AE86} = {80428DE9-C391-4A41-AB26-2216CCC0F77A}
		{003CDA24-6CEE-4D28-917A-17D6E93B3109} = {50CCC32D-9AA0-4D38-A748-E090AD3CE095}
		{73992516-430C-4FF8-AB71-1685A96DA591} = {50CCC32D-9AA0-4D38-A748-E090AD3CE095}
		{B66F9FBC-5917-4450-B151-D3F4FD909245} = {FCD33282-F61E-468E-83EE-867B4699AE86}
	EndGlobalSection
EndGlobal
