
Microsoft Visual Studio Solution File, Format Version 12.00
# Visual Studio 14
VisualStudioVersion = 14.0.23107.0
MinimumVisualStudioVersion = 10.0.40219.1
Project("{2150E333-8FDC-42A3-9474-1A3956D46DE8}") = "Tests", "Tests", "{E2E8A1A5-5B18-4BE8-8ED8-4E4876768D7F}"
EndProject
Project("{2150E333-8FDC-42A3-9474-1A3956D46DE8}") = ".nuget", ".nuget", "{9FA52E0A-11BB-460A-A457-E48139F4329A}"
	ProjectSection(SolutionItems) = preProject
		.nuget\NuGet.Config = .nuget\NuGet.Config
		.nuget\NuGet.exe = .nuget\NuGet.exe
		.nuget\NuGet.targets = .nuget\NuGet.targets
	EndProjectSection
EndProject
Project("{FAE04EC0-301F-11D3-BF4B-00C04F79EFBC}") = "Alicargo.Tests", "Alicargo.Tests\Alicargo.Tests.csproj", "{9686492F-8074-4C40-9DDD-3F1B496CCA0C}"
EndProject
Project("{FAE04EC0-301F-11D3-BF4B-00C04F79EFBC}") = "Alicargo.Core", "Alicargo.Core\Alicargo.Core.csproj", "{577B60F9-32F7-4117-97DA-40743BFF4CA0}"
EndProject
Project("{FAE04EC0-301F-11D3-BF4B-00C04F79EFBC}") = "Alicargo.DataAccess", "Alicargo.DataAccess\Alicargo.DataAccess.csproj", "{37068536-3066-4877-91E0-05031D2C5CA3}"
EndProject
Project("{00D1A9C2-B5F0-4AF3-8072-F6C62B433612}") = "Alicargo.Database", "Alicargo.Database\Alicargo.Database.sqlproj", "{73992516-430C-4FF8-AB71-1685A96DA591}"
EndProject
Project("{FAE04EC0-301F-11D3-BF4B-00C04F79EFBC}") = "Alicargo.Core.Tests", "Alicargo.Core.Tests\Alicargo.Core.Tests.csproj", "{8FD4B54B-0621-4C22-A6DE-C357C9948E30}"
EndProject
Project("{FAE04EC0-301F-11D3-BF4B-00C04F79EFBC}") = "Alicargo.TestHelpers", "Alicargo.TestHelpers\Alicargo.TestHelpers.csproj", "{BB7C7B4A-D181-4812-89BC-29EB406E9656}"
EndProject
Project("{FAE04EC0-301F-11D3-BF4B-00C04F79EFBC}") = "Alicargo.BlackBox.Tests", "Alicargo.BlackBox.Tests\Alicargo.BlackBox.Tests.csproj", "{6338CF8C-E339-44CC-A185-14D7CF0301BF}"
EndProject
Project("{FAE04EC0-301F-11D3-BF4B-00C04F79EFBC}") = "Alicargo.DataAccess.BlackBox.Tests", "Alicargo.DataAccess.BlackBox.Tests\Alicargo.DataAccess.BlackBox.Tests.csproj", "{80AA7A64-E347-4A12-89F0-E81E4B581954}"
EndProject
Project("{FAE04EC0-301F-11D3-BF4B-00C04F79EFBC}") = "Alicargo.Jobs", "Alicargo.Jobs\Alicargo.Jobs.csproj", "{C2133743-7762-4BD9-A824-EB039E41AF58}"
EndProject
Project("{FAE04EC0-301F-11D3-BF4B-00C04F79EFBC}") = "Alicargo.Jobs.Tests", "Alicargo.Jobs.Tests\Alicargo.Jobs.Tests.csproj", "{5F2CFCFF-8CE7-47E8-B8CF-4A9D81C4179A}"
EndProject
Project("{00D1A9C2-B5F0-4AF3-8072-F6C62B433612}") = "Alicargo.Files.Database", "Alicargo.Files.Database\Alicargo.Files.Database.sqlproj", "{003CDA24-6CEE-4D28-917A-17D6E93B3109}"
EndProject
Project("{2150E333-8FDC-42A3-9474-1A3956D46DE8}") = "Databases", "Databases", "{50CCC32D-9AA0-4D38-A748-E090AD3CE095}"
EndProject
Project("{2150E333-8FDC-42A3-9474-1A3956D46DE8}") = "Misc", "Misc", "{80428DE9-C391-4A41-AB26-2216CCC0F77A}"
EndProject
Project("{FAE04EC0-301F-11D3-BF4B-00C04F79EFBC}") = "Alicargo.Jobs.BlackBox.Tests", "Alicargo.Jobs.BlackBox.Tests\Alicargo.Jobs.BlackBox.Tests.csproj", "{E7172376-8458-443B-BA70-11279FDBD2DB}"
EndProject
Project("{FAE04EC0-301F-11D3-BF4B-00C04F79EFBC}") = "Alicargo.Utilities", "Alicargo.Utilities\Alicargo.Utilities.csproj", "{28A88A2C-7BA4-4F4E-9131-AD69B070CD31}"
EndProject
Project("{FAE04EC0-301F-11D3-BF4B-00C04F79EFBC}") = "Alicargo.Core.Contracts", "Alicargo.Core.Contracts\Alicargo.Core.Contracts.csproj", "{5D298560-5149-4DBB-9444-EE2EE9430483}"
EndProject
Project("{FAE04EC0-301F-11D3-BF4B-00C04F79EFBC}") = "Alicargo.DataAccess.Contracts", "Alicargo.DataAccess.Contracts\Alicargo.DataAccess.Contracts.csproj", "{E2F1A146-9076-4833-995E-084AC1B3EAC7}"
EndProject
Project("{FAE04EC0-301F-11D3-BF4B-00C04F79EFBC}") = "Alicargo.FilesMigration", "Alicargo.FilesMigration\Alicargo.FilesMigration.csproj", "{9586558C-8632-4ACA-A753-EDDB42A00253}"
EndProject
Project("{FAE04EC0-301F-11D3-BF4B-00C04F79EFBC}") = "Alicargo.Utilities.Tests", "Alicargo.Utilities.Tests\Alicargo.Utilities.Tests.csproj", "{F2B472BE-9D50-484C-A73F-A0BDE0B5F57E}"
EndProject
Project("{FAE04EC0-301F-11D3-BF4B-00C04F79EFBC}") = "Alicargo.Core.BlackBox.Tests", "Alicargo.Core.BlackBox.Tests\Alicargo.Core.BlackBox.Tests.csproj", "{BC00BB73-4556-4D1B-9428-E03CF8E69C44}"
EndProject
Project("{FAE04EC0-301F-11D3-BF4B-00C04F79EFBC}") = "Alicargo.Deploy", "Alicargo.Deploy\Alicargo.Deploy.csproj", "{600A3060-A2E0-44D5-A15F-E830374F9401}"
EndProject
Project("{FAE04EC0-301F-11D3-BF4B-00C04F79EFBC}") = "Alicargo", "Alicargo\Alicargo.csproj", "{8666B402-84B6-49D4-ABD7-B2966955C9CB}"
EndProject
Global
	GlobalSection(SolutionConfigurationPlatforms) = preSolution
		Debug|Any CPU = Debug|Any CPU
		Release|Any CPU = Release|Any CPU
	EndGlobalSection
	GlobalSection(ProjectConfigurationPlatforms) = postSolution
		{9686492F-8074-4C40-9DDD-3F1B496CCA0C}.Debug|Any CPU.ActiveCfg = Debug|Any CPU
		{9686492F-8074-4C40-9DDD-3F1B496CCA0C}.Debug|Any CPU.Build.0 = Debug|Any CPU
		{9686492F-8074-4C40-9DDD-3F1B496CCA0C}.Release|Any CPU.ActiveCfg = Release|Any CPU
		{9686492F-8074-4C40-9DDD-3F1B496CCA0C}.Release|Any CPU.Build.0 = Release|Any CPU
		{577B60F9-32F7-4117-97DA-40743BFF4CA0}.Debug|Any CPU.ActiveCfg = Debug|Any CPU
		{577B60F9-32F7-4117-97DA-40743BFF4CA0}.Debug|Any CPU.Build.0 = Debug|Any CPU
		{577B60F9-32F7-4117-97DA-40743BFF4CA0}.Release|Any CPU.ActiveCfg = Release|Any CPU
		{577B60F9-32F7-4117-97DA-40743BFF4CA0}.Release|Any CPU.Build.0 = Release|Any CPU
		{37068536-3066-4877-91E0-05031D2C5CA3}.Debug|Any CPU.ActiveCfg = Debug|Any CPU
		{37068536-3066-4877-91E0-05031D2C5CA3}.Debug|Any CPU.Build.0 = Debug|Any CPU
		{37068536-3066-4877-91E0-05031D2C5CA3}.Release|Any CPU.ActiveCfg = Release|Any CPU
		{37068536-3066-4877-91E0-05031D2C5CA3}.Release|Any CPU.Build.0 = Release|Any CPU
		{73992516-430C-4FF8-AB71-1685A96DA591}.Debug|Any CPU.ActiveCfg = Debug|Any CPU
		{73992516-430C-4FF8-AB71-1685A96DA591}.Debug|Any CPU.Build.0 = Debug|Any CPU
		{73992516-430C-4FF8-AB71-1685A96DA591}.Release|Any CPU.ActiveCfg = Release|Any CPU
		{73992516-430C-4FF8-AB71-1685A96DA591}.Release|Any CPU.Build.0 = Release|Any CPU
		{8FD4B54B-0621-4C22-A6DE-C357C9948E30}.Debug|Any CPU.ActiveCfg = Debug|Any CPU
		{8FD4B54B-0621-4C22-A6DE-C357C9948E30}.Debug|Any CPU.Build.0 = Debug|Any CPU
		{8FD4B54B-0621-4C22-A6DE-C357C9948E30}.Release|Any CPU.ActiveCfg = Release|Any CPU
		{8FD4B54B-0621-4C22-A6DE-C357C9948E30}.Release|Any CPU.Build.0 = Release|Any CPU
		{BB7C7B4A-D181-4812-89BC-29EB406E9656}.Debug|Any CPU.ActiveCfg = Debug|Any CPU
		{BB7C7B4A-D181-4812-89BC-29EB406E9656}.Debug|Any CPU.Build.0 = Debug|Any CPU
		{BB7C7B4A-D181-4812-89BC-29EB406E9656}.Release|Any CPU.ActiveCfg = Release|Any CPU
		{BB7C7B4A-D181-4812-89BC-29EB406E9656}.Release|Any CPU.Build.0 = Release|Any CPU
		{6338CF8C-E339-44CC-A185-14D7CF0301BF}.Debug|Any CPU.ActiveCfg = Debug|Any CPU
		{6338CF8C-E339-44CC-A185-14D7CF0301BF}.Debug|Any CPU.Build.0 = Debug|Any CPU
		{6338CF8C-E339-44CC-A185-14D7CF0301BF}.Release|Any CPU.ActiveCfg = Release|Any CPU
		{6338CF8C-E339-44CC-A185-14D7CF0301BF}.Release|Any CPU.Build.0 = Release|Any CPU
		{80AA7A64-E347-4A12-89F0-E81E4B581954}.Debug|Any CPU.ActiveCfg = Debug|Any CPU
		{80AA7A64-E347-4A12-89F0-E81E4B581954}.Debug|Any CPU.Build.0 = Debug|Any CPU
		{80AA7A64-E347-4A12-89F0-E81E4B581954}.Release|Any CPU.ActiveCfg = Release|Any CPU
		{80AA7A64-E347-4A12-89F0-E81E4B581954}.Release|Any CPU.Build.0 = Release|Any CPU
		{C2133743-7762-4BD9-A824-EB039E41AF58}.Debug|Any CPU.ActiveCfg = Debug|Any CPU
		{C2133743-7762-4BD9-A824-EB039E41AF58}.Debug|Any CPU.Build.0 = Debug|Any CPU
		{C2133743-7762-4BD9-A824-EB039E41AF58}.Release|Any CPU.ActiveCfg = Release|Any CPU
		{C2133743-7762-4BD9-A824-EB039E41AF58}.Release|Any CPU.Build.0 = Release|Any CPU
		{5F2CFCFF-8CE7-47E8-B8CF-4A9D81C4179A}.Debug|Any CPU.ActiveCfg = Debug|Any CPU
		{5F2CFCFF-8CE7-47E8-B8CF-4A9D81C4179A}.Debug|Any CPU.Build.0 = Debug|Any CPU
		{5F2CFCFF-8CE7-47E8-B8CF-4A9D81C4179A}.Release|Any CPU.ActiveCfg = Release|Any CPU
		{5F2CFCFF-8CE7-47E8-B8CF-4A9D81C4179A}.Release|Any CPU.Build.0 = Release|Any CPU
		{003CDA24-6CEE-4D28-917A-17D6E93B3109}.Debug|Any CPU.ActiveCfg = Debug|Any CPU
		{003CDA24-6CEE-4D28-917A-17D6E93B3109}.Debug|Any CPU.Build.0 = Debug|Any CPU
		{003CDA24-6CEE-4D28-917A-17D6E93B3109}.Release|Any CPU.ActiveCfg = Release|Any CPU
		{003CDA24-6CEE-4D28-917A-17D6E93B3109}.Release|Any CPU.Build.0 = Release|Any CPU
		{E7172376-8458-443B-BA70-11279FDBD2DB}.Debug|Any CPU.ActiveCfg = Debug|Any CPU
		{E7172376-8458-443B-BA70-11279FDBD2DB}.Debug|Any CPU.Build.0 = Debug|Any CPU
		{E7172376-8458-443B-BA70-11279FDBD2DB}.Release|Any CPU.ActiveCfg = Debug|Any CPU
		{E7172376-8458-443B-BA70-11279FDBD2DB}.Release|Any CPU.Build.0 = Debug|Any CPU
		{28A88A2C-7BA4-4F4E-9131-AD69B070CD31}.Debug|Any CPU.ActiveCfg = Debug|Any CPU
		{28A88A2C-7BA4-4F4E-9131-AD69B070CD31}.Debug|Any CPU.Build.0 = Debug|Any CPU
		{28A88A2C-7BA4-4F4E-9131-AD69B070CD31}.Release|Any CPU.ActiveCfg = Release|Any CPU
		{5D298560-5149-4DBB-9444-EE2EE9430483}.Debug|Any CPU.ActiveCfg = Debug|Any CPU
		{5D298560-5149-4DBB-9444-EE2EE9430483}.Debug|Any CPU.Build.0 = Debug|Any CPU
		{5D298560-5149-4DBB-9444-EE2EE9430483}.Release|Any CPU.ActiveCfg = Release|Any CPU
		{5D298560-5149-4DBB-9444-EE2EE9430483}.Release|Any CPU.Build.0 = Release|Any CPU
		{E2F1A146-9076-4833-995E-084AC1B3EAC7}.Debug|Any CPU.ActiveCfg = Debug|Any CPU
		{E2F1A146-9076-4833-995E-084AC1B3EAC7}.Debug|Any CPU.Build.0 = Debug|Any CPU
		{E2F1A146-9076-4833-995E-084AC1B3EAC7}.Release|Any CPU.ActiveCfg = Release|Any CPU
		{E2F1A146-9076-4833-995E-084AC1B3EAC7}.Release|Any CPU.Build.0 = Release|Any CPU
		{9586558C-8632-4ACA-A753-EDDB42A00253}.Debug|Any CPU.ActiveCfg = Debug|Any CPU
		{9586558C-8632-4ACA-A753-EDDB42A00253}.Debug|Any CPU.Build.0 = Debug|Any CPU
		{9586558C-8632-4ACA-A753-EDDB42A00253}.Release|Any CPU.ActiveCfg = Release|Any CPU
		{9586558C-8632-4ACA-A753-EDDB42A00253}.Release|Any CPU.Build.0 = Release|Any CPU
		{F2B472BE-9D50-484C-A73F-A0BDE0B5F57E}.Debug|Any CPU.ActiveCfg = Debug|Any CPU
		{F2B472BE-9D50-484C-A73F-A0BDE0B5F57E}.Debug|Any CPU.Build.0 = Debug|Any CPU
		{F2B472BE-9D50-484C-A73F-A0BDE0B5F57E}.Release|Any CPU.ActiveCfg = Release|Any CPU
		{F2B472BE-9D50-484C-A73F-A0BDE0B5F57E}.Release|Any CPU.Build.0 = Release|Any CPU
		{BC00BB73-4556-4D1B-9428-E03CF8E69C44}.Debug|Any CPU.ActiveCfg = Debug|Any CPU
		{BC00BB73-4556-4D1B-9428-E03CF8E69C44}.Debug|Any CPU.Build.0 = Debug|Any CPU
		{BC00BB73-4556-4D1B-9428-E03CF8E69C44}.Release|Any CPU.ActiveCfg = Release|Any CPU
		{BC00BB73-4556-4D1B-9428-E03CF8E69C44}.Release|Any CPU.Build.0 = Release|Any CPU
		{600A3060-A2E0-44D5-A15F-E830374F9401}.Debug|Any CPU.ActiveCfg = Debug|Any CPU
		{600A3060-A2E0-44D5-A15F-E830374F9401}.Release|Any CPU.ActiveCfg = Release|Any CPU
		{8666B402-84B6-49D4-ABD7-B2966955C9CB}.Debug|Any CPU.ActiveCfg = Debug|Any CPU
		{8666B402-84B6-49D4-ABD7-B2966955C9CB}.Debug|Any CPU.Build.0 = Debug|Any CPU
		{8666B402-84B6-49D4-ABD7-B2966955C9CB}.Release|Any CPU.ActiveCfg = Release|Any CPU
		{8666B402-84B6-49D4-ABD7-B2966955C9CB}.Release|Any CPU.Build.0 = Release|Any CPU
	EndGlobalSection
	GlobalSection(SolutionProperties) = preSolution
		HideSolutionNode = FALSE
	EndGlobalSection
	GlobalSection(NestedProjects) = preSolution
		{9FA52E0A-11BB-460A-A457-E48139F4329A} = {80428DE9-C391-4A41-AB26-2216CCC0F77A}
		{9686492F-8074-4C40-9DDD-3F1B496CCA0C} = {E2E8A1A5-5B18-4BE8-8ED8-4E4876768D7F}
		{73992516-430C-4FF8-AB71-1685A96DA591} = {50CCC32D-9AA0-4D38-A748-E090AD3CE095}
		{8FD4B54B-0621-4C22-A6DE-C357C9948E30} = {E2E8A1A5-5B18-4BE8-8ED8-4E4876768D7F}
		{BB7C7B4A-D181-4812-89BC-29EB406E9656} = {E2E8A1A5-5B18-4BE8-8ED8-4E4876768D7F}
		{6338CF8C-E339-44CC-A185-14D7CF0301BF} = {E2E8A1A5-5B18-4BE8-8ED8-4E4876768D7F}
		{80AA7A64-E347-4A12-89F0-E81E4B581954} = {E2E8A1A5-5B18-4BE8-8ED8-4E4876768D7F}
		{5F2CFCFF-8CE7-47E8-B8CF-4A9D81C4179A} = {E2E8A1A5-5B18-4BE8-8ED8-4E4876768D7F}
		{003CDA24-6CEE-4D28-917A-17D6E93B3109} = {50CCC32D-9AA0-4D38-A748-E090AD3CE095}
		{E7172376-8458-443B-BA70-11279FDBD2DB} = {E2E8A1A5-5B18-4BE8-8ED8-4E4876768D7F}
		{9586558C-8632-4ACA-A753-EDDB42A00253} = {80428DE9-C391-4A41-AB26-2216CCC0F77A}
		{F2B472BE-9D50-484C-A73F-A0BDE0B5F57E} = {E2E8A1A5-5B18-4BE8-8ED8-4E4876768D7F}
		{BC00BB73-4556-4D1B-9428-E03CF8E69C44} = {E2E8A1A5-5B18-4BE8-8ED8-4E4876768D7F}
		{600A3060-A2E0-44D5-A15F-E830374F9401} = {80428DE9-C391-4A41-AB26-2216CCC0F77A}
	EndGlobalSection
EndGlobal
